
Microsoft Visual Studio Solution File, Format Version 12.00
# Visual Studio 2013
VisualStudioVersion = 12.0.31101.0
MinimumVisualStudioVersion = 10.0.40219.1
Project("{FAE04EC0-301F-11D3-BF4B-00C04F79EFBC}") = "CodedHomes.Models", "CodedHomes.Models\CodedHomes.Models.csproj", "{67018839-6C00-4D41-B060-9F96A4847DE8}"
EndProject
Project("{FAE04EC0-301F-11D3-BF4B-00C04F79EFBC}") = "CodedHomes.Data", "CodedHomes.Data\CodedHomes.Data.csproj", "{4713230B-0D77-49E4-94F7-C565817C03BE}"
EndProject
Project("{FAE04EC0-301F-11D3-BF4B-00C04F79EFBC}") = "CodedHomes.ConsoleApp", "CodedHomes.ConsoleApp\CodedHomes.ConsoleApp.csproj", "{EC46A5CC-A7FD-4FF7-AA21-67EEB892ACCA}"
EndProject
Project("{FAE04EC0-301F-11D3-BF4B-00C04F79EFBC}") = "CodedHomes.Web", "CodedHomes.Web\CodedHomes.Web.csproj", "{A6969867-58A2-4C6B-872E-C3ED212F88A7}"
EndProject
Global
	GlobalSection(SolutionConfigurationPlatforms) = preSolution
		Debug|Any CPU = Debug|Any CPU
		Release|Any CPU = Release|Any CPU
	EndGlobalSection
	GlobalSection(ProjectConfigurationPlatforms) = postSolution
		{67018839-6C00-4D41-B060-9F96A4847DE8}.Debug|Any CPU.ActiveCfg = Debug|Any CPU
		{67018839-6C00-4D41-B060-9F96A4847DE8}.Debug|Any CPU.Build.0 = Debug|Any CPU
		{67018839-6C00-4D41-B060-9F96A4847DE8}.Release|Any CPU.ActiveCfg = Release|Any CPU
		{67018839-6C00-4D41-B060-9F96A4847DE8}.Release|Any CPU.Build.0 = Release|Any CPU
		{4713230B-0D77-49E4-94F7-C565817C03BE}.Debug|Any CPU.ActiveCfg = Debug|Any CPU
		{4713230B-0D77-49E4-94F7-C565817C03BE}.Debug|Any CPU.Build.0 = Debug|Any CPU
		{4713230B-0D77-49E4-94F7-C565817C03BE}.Release|Any CPU.ActiveCfg = Release|Any CPU
		{4713230B-0D77-49E4-94F7-C565817C03BE}.Release|Any CPU.Build.0 = Release|Any CPU
		{EC46A5CC-A7FD-4FF7-AA21-67EEB892ACCA}.Debug|Any CPU.ActiveCfg = Debug|Any CPU
		{EC46A5CC-A7FD-4FF7-AA21-67EEB892ACCA}.Debug|Any CPU.Build.0 = Debug|Any CPU
		{EC46A5CC-A7FD-4FF7-AA21-67EEB892ACCA}.Release|Any CPU.ActiveCfg = Release|Any CPU
		{EC46A5CC-A7FD-4FF7-AA21-67EEB892ACCA}.Release|Any CPU.Build.0 = Release|Any CPU
		{A6969867-58A2-4C6B-872E-C3ED212F88A7}.Debug|Any CPU.ActiveCfg = Debug|Any CPU
		{A6969867-58A2-4C6B-872E-C3ED212F88A7}.Debug|Any CPU.Build.0 = Debug|Any CPU
		{A6969867-58A2-4C6B-872E-C3ED212F88A7}.Release|Any CPU.ActiveCfg = Release|Any CPU
		{A6969867-58A2-4C6B-872E-C3ED212F88A7}.Release|Any CPU.Build.0 = Release|Any CPU
	EndGlobalSection
	GlobalSection(SolutionProperties) = preSolution
		HideSolutionNode = FALSE
	EndGlobalSection
	GlobalSection(CodealikeProperties) = postSolution
		SolutionGuid = de90a5e0-1f21-45ca-a133-9f096c0054b4
	EndGlobalSection
EndGlobal
